
Microsoft Visual Studio Solution File, Format Version 12.00
# Visual Studio Version 17
VisualStudioVersion = 17.5.33516.290
MinimumVisualStudioVersion = 10.0.40219.1
Project("{FAE04EC0-301F-11D3-BF4B-00C04F79EFBC}") = "PermutationsWithoutRepetitions", "PermutationsWithoutRepetitions\PermutationsWithoutRepetitions.csproj", "{93C0988A-AD09-4F17-8E5E-7CC0A0D1EDFE}"
EndProject
Project("{FAE04EC0-301F-11D3-BF4B-00C04F79EFBC}") = "PermutationsWithRepetitions", "PermutationsWithRepetitions\PermutationsWithRepetitions.csproj", "{C32AEF18-1008-4CAB-BBE7-FBE515CB9711}"
EndProject
Project("{FAE04EC0-301F-11D3-BF4B-00C04F79EFBC}") = "VariationsWithoutRepetition", "VariationsWithoutRepetition\VariationsWithoutRepetition.csproj", "{DA7FA113-FC07-4D3D-AFE8-2DB367F4E7A6}"
EndProject
Project("{FAE04EC0-301F-11D3-BF4B-00C04F79EFBC}") = "VariationsWithRepetition", "VariationswithRepetition\VariationsWithRepetition.csproj", "{76E5A18C-3F21-42A8-A6EB-9A3529C350EB}"
EndProject
Project("{FAE04EC0-301F-11D3-BF4B-00C04F79EFBC}") = "CombinationsWithoutRepetition", "CombinationsWithoutRepetition\CombinationsWithoutRepetition.csproj", "{46C19CF1-2C94-4C9E-800E-92A5ABE8F9BE}"
EndProject
Project("{FAE04EC0-301F-11D3-BF4B-00C04F79EFBC}") = "CombinationsWithRepetition", "CombinationsWithRepetition\CombinationsWithRepetition.csproj", "{9075C8C6-83AE-4EFA-BDC2-FCDDF187AB0D}"
EndProject
Project("{FAE04EC0-301F-11D3-BF4B-00C04F79EFBC}") = "NChooseKCount", "NChooseKCount\NChooseKCount.csproj", "{67438498-115D-40EF-BCC2-6AF910745F26}"
EndProject
Global
	GlobalSection(SolutionConfigurationPlatforms) = preSolution
		Debug|Any CPU = Debug|Any CPU
		Release|Any CPU = Release|Any CPU
	EndGlobalSection
	GlobalSection(ProjectConfigurationPlatforms) = postSolution
		{93C0988A-AD09-4F17-8E5E-7CC0A0D1EDFE}.Debug|Any CPU.ActiveCfg = Debug|Any CPU
		{93C0988A-AD09-4F17-8E5E-7CC0A0D1EDFE}.Debug|Any CPU.Build.0 = Debug|Any CPU
		{93C0988A-AD09-4F17-8E5E-7CC0A0D1EDFE}.Release|Any CPU.ActiveCfg = Release|Any CPU
		{93C0988A-AD09-4F17-8E5E-7CC0A0D1EDFE}.Release|Any CPU.Build.0 = Release|Any CPU
		{C32AEF18-1008-4CAB-BBE7-FBE515CB9711}.Debug|Any CPU.ActiveCfg = Debug|Any CPU
		{C32AEF18-1008-4CAB-BBE7-FBE515CB9711}.Debug|Any CPU.Build.0 = Debug|Any CPU
		{C32AEF18-1008-4CAB-BBE7-FBE515CB9711}.Release|Any CPU.ActiveCfg = Release|Any CPU
		{C32AEF18-1008-4CAB-BBE7-FBE515CB9711}.Release|Any CPU.Build.0 = Release|Any CPU
		{DA7FA113-FC07-4D3D-AFE8-2DB367F4E7A6}.Debug|Any CPU.ActiveCfg = Debug|Any CPU
		{DA7FA113-FC07-4D3D-AFE8-2DB367F4E7A6}.Debug|Any CPU.Build.0 = Debug|Any CPU
		{DA7FA113-FC07-4D3D-AFE8-2DB367F4E7A6}.Release|Any CPU.ActiveCfg = Release|Any CPU
		{DA7FA113-FC07-4D3D-AFE8-2DB367F4E7A6}.Release|Any CPU.Build.0 = Release|Any CPU
		{76E5A18C-3F21-42A8-A6EB-9A3529C350EB}.Debug|Any CPU.ActiveCfg = Debug|Any CPU
		{76E5A18C-3F21-42A8-A6EB-9A3529C350EB}.Debug|Any CPU.Build.0 = Debug|Any CPU
		{76E5A18C-3F21-42A8-A6EB-9A3529C350EB}.Release|Any CPU.ActiveCfg = Release|Any CPU
		{76E5A18C-3F21-42A8-A6EB-9A3529C350EB}.Release|Any CPU.Build.0 = Release|Any CPU
		{46C19CF1-2C94-4C9E-800E-92A5ABE8F9BE}.Debug|Any CPU.ActiveCfg = Debug|Any CPU
		{46C19CF1-2C94-4C9E-800E-92A5ABE8F9BE}.Debug|Any CPU.Build.0 = Debug|Any CPU
		{46C19CF1-2C94-4C9E-800E-92A5ABE8F9BE}.Release|Any CPU.ActiveCfg = Release|Any CPU
		{46C19CF1-2C94-4C9E-800E-92A5ABE8F9BE}.Release|Any CPU.Build.0 = Release|Any CPU
		{9075C8C6-83AE-4EFA-BDC2-FCDDF187AB0D}.Debug|Any CPU.ActiveCfg = Debug|Any CPU
		{9075C8C6-83AE-4EFA-BDC2-FCDDF187AB0D}.Debug|Any CPU.Build.0 = Debug|Any CPU
		{9075C8C6-83AE-4EFA-BDC2-FCDDF187AB0D}.Release|Any CPU.ActiveCfg = Release|Any CPU
		{9075C8C6-83AE-4EFA-BDC2-FCDDF187AB0D}.Release|Any CPU.Build.0 = Release|Any CPU
		{67438498-115D-40EF-BCC2-6AF910745F26}.Debug|Any CPU.ActiveCfg = Debug|Any CPU
		{67438498-115D-40EF-BCC2-6AF910745F26}.Debug|Any CPU.Build.0 = Debug|Any CPU
		{67438498-115D-40EF-BCC2-6AF910745F26}.Release|Any CPU.ActiveCfg = Release|Any CPU
		{67438498-115D-40EF-BCC2-6AF910745F26}.Release|Any CPU.Build.0 = Release|Any CPU
	EndGlobalSection
	GlobalSection(SolutionProperties) = preSolution
		HideSolutionNode = FALSE
	EndGlobalSection
	GlobalSection(ExtensibilityGlobals) = postSolution
		SolutionGuid = {AA0ED116-FEA0-4D2D-8932-6EFBB8E27C14}
	EndGlobalSection
EndGlobal
