
Microsoft Visual Studio Solution File, Format Version 12.00
# Visual Studio Version 17
VisualStudioVersion = 17.5.33516.290
MinimumVisualStudioVersion = 10.0.40219.1
Project("{FAE04EC0-301F-11D3-BF4B-00C04F79EFBC}") = "BinarySearch", "BinarySearch\BinarySearch.csproj", "{1CAD7632-213F-4DDC-9DD1-F1B98B769A56}"
EndProject
Global
	GlobalSection(SolutionConfigurationPlatforms) = preSolution
		Debug|Any CPU = Debug|Any CPU
		Release|Any CPU = Release|Any CPU
	EndGlobalSection
	GlobalSection(ProjectConfigurationPlatforms) = postSolution
		{1CAD7632-213F-4DDC-9DD1-F1B98B769A56}.Debug|Any CPU.ActiveCfg = Debug|Any CPU
		{1CAD7632-213F-4DDC-9DD1-F1B98B769A56}.Debug|Any CPU.Build.0 = Debug|Any CPU
		{1CAD7632-213F-4DDC-9DD1-F1B98B769A56}.Release|Any CPU.ActiveCfg = Release|Any CPU
		{1CAD7632-213F-4DDC-9DD1-F1B98B769A56}.Release|Any CPU.Build.0 = Release|Any CPU
	EndGlobalSection
	GlobalSection(SolutionProperties) = preSolution
		HideSolutionNode = FALSE
	EndGlobalSection
	GlobalSection(ExtensibilityGlobals) = postSolution
		SolutionGuid = {A1172FE8-8BC9-4E5F-A023-16D8FEC35BD2}
	EndGlobalSection
EndGlobal
