
Microsoft Visual Studio Solution File, Format Version 12.00
# Visual Studio Version 17
VisualStudioVersion = 17.5.33516.290
MinimumVisualStudioVersion = 10.0.40219.1
Project("{9A19103F-16F7-4668-BE54-9A1E7A4F7556}") = "ConnectedComponents", "ConnectedComponents\ConnectedComponents.csproj", "{CA036E33-41DC-4660-A74E-1D4DB4FC9A4F}"
EndProject
Project("{9A19103F-16F7-4668-BE54-9A1E7A4F7556}") = "SourceRemovalTopologicalSorting", "SourceRemovalTopologicalSorting\SourceRemovalTopologicalSorting.csproj", "{0D93A21F-524B-4BE8-BAC5-6488FEEB4D1E}"
EndProject
Project("{9A19103F-16F7-4668-BE54-9A1E7A4F7556}") = "DfsTopologicalSorting", "DfsTopologicalSorting\DfsTopologicalSorting.csproj", "{932AEBFD-7406-4085-B9E9-39316DF8D8EC}"
EndProject
Project("{9A19103F-16F7-4668-BE54-9A1E7A4F7556}") = "ShortestPath", "ShortestPath\ShortestPath.csproj", "{B291A57C-CF15-490E-B684-EFAF52521D51}"
EndProject
Project("{9A19103F-16F7-4668-BE54-9A1E7A4F7556}") = "DistanceBetweenVertices", "DistanceBetweenVertices\DistanceBetweenVertices.csproj", "{4E6F2E5D-A7F9-4820-BF15-D7EDB8108BCD}"
EndProject
Project("{FAE04EC0-301F-11D3-BF4B-00C04F79EFBC}") = "AreasInMatrix", "AreasInMatrix\AreasInMatrix.csproj", "{27CB8404-8DEE-4A93-8AF0-9272FF31A7BA}"
EndProject
Project("{FAE04EC0-301F-11D3-BF4B-00C04F79EFBC}") = "CyclesInAGraph", "CyclesInAGraph\CyclesInAGraph.csproj", "{491B8253-5DBB-4328-8A5E-21E4050F2E5D}"
EndProject
Project("{FAE04EC0-301F-11D3-BF4B-00C04F79EFBC}") = "Salaries", "Salaries\Salaries.csproj", "{C806FE62-90DF-4C5E-B92C-61F3791A3108}"
EndProject
Project("{FAE04EC0-301F-11D3-BF4B-00C04F79EFBC}") = "BreakCycles", "BreakCycles\BreakCycles.csproj", "{3AC029C5-F16E-4128-8F63-7A1B691CD18D}"
EndProject
Project("{FAE04EC0-301F-11D3-BF4B-00C04F79EFBC}") = "RoadReconstruction", "RoadReconstruction\RoadReconstruction.csproj", "{29732D48-5493-496C-8166-A8A2DBCC6505}"
EndProject
Global
	GlobalSection(SolutionConfigurationPlatforms) = preSolution
		Debug|Any CPU = Debug|Any CPU
		Release|Any CPU = Release|Any CPU
	EndGlobalSection
	GlobalSection(ProjectConfigurationPlatforms) = postSolution
		{CA036E33-41DC-4660-A74E-1D4DB4FC9A4F}.Debug|Any CPU.ActiveCfg = Debug|Any CPU
		{CA036E33-41DC-4660-A74E-1D4DB4FC9A4F}.Debug|Any CPU.Build.0 = Debug|Any CPU
		{CA036E33-41DC-4660-A74E-1D4DB4FC9A4F}.Release|Any CPU.ActiveCfg = Release|Any CPU
		{CA036E33-41DC-4660-A74E-1D4DB4FC9A4F}.Release|Any CPU.Build.0 = Release|Any CPU
		{0D93A21F-524B-4BE8-BAC5-6488FEEB4D1E}.Debug|Any CPU.ActiveCfg = Debug|Any CPU
		{0D93A21F-524B-4BE8-BAC5-6488FEEB4D1E}.Debug|Any CPU.Build.0 = Debug|Any CPU
		{0D93A21F-524B-4BE8-BAC5-6488FEEB4D1E}.Release|Any CPU.ActiveCfg = Release|Any CPU
		{0D93A21F-524B-4BE8-BAC5-6488FEEB4D1E}.Release|Any CPU.Build.0 = Release|Any CPU
		{932AEBFD-7406-4085-B9E9-39316DF8D8EC}.Debug|Any CPU.ActiveCfg = Debug|Any CPU
		{932AEBFD-7406-4085-B9E9-39316DF8D8EC}.Debug|Any CPU.Build.0 = Debug|Any CPU
		{932AEBFD-7406-4085-B9E9-39316DF8D8EC}.Release|Any CPU.ActiveCfg = Release|Any CPU
		{932AEBFD-7406-4085-B9E9-39316DF8D8EC}.Release|Any CPU.Build.0 = Release|Any CPU
		{B291A57C-CF15-490E-B684-EFAF52521D51}.Debug|Any CPU.ActiveCfg = Debug|Any CPU
		{B291A57C-CF15-490E-B684-EFAF52521D51}.Debug|Any CPU.Build.0 = Debug|Any CPU
		{B291A57C-CF15-490E-B684-EFAF52521D51}.Release|Any CPU.ActiveCfg = Release|Any CPU
		{B291A57C-CF15-490E-B684-EFAF52521D51}.Release|Any CPU.Build.0 = Release|Any CPU
		{4E6F2E5D-A7F9-4820-BF15-D7EDB8108BCD}.Debug|Any CPU.ActiveCfg = Debug|Any CPU
		{4E6F2E5D-A7F9-4820-BF15-D7EDB8108BCD}.Debug|Any CPU.Build.0 = Debug|Any CPU
		{4E6F2E5D-A7F9-4820-BF15-D7EDB8108BCD}.Release|Any CPU.ActiveCfg = Release|Any CPU
		{4E6F2E5D-A7F9-4820-BF15-D7EDB8108BCD}.Release|Any CPU.Build.0 = Release|Any CPU
		{27CB8404-8DEE-4A93-8AF0-9272FF31A7BA}.Debug|Any CPU.ActiveCfg = Debug|Any CPU
		{27CB8404-8DEE-4A93-8AF0-9272FF31A7BA}.Debug|Any CPU.Build.0 = Debug|Any CPU
		{27CB8404-8DEE-4A93-8AF0-9272FF31A7BA}.Release|Any CPU.ActiveCfg = Release|Any CPU
		{27CB8404-8DEE-4A93-8AF0-9272FF31A7BA}.Release|Any CPU.Build.0 = Release|Any CPU
		{491B8253-5DBB-4328-8A5E-21E4050F2E5D}.Debug|Any CPU.ActiveCfg = Debug|Any CPU
		{491B8253-5DBB-4328-8A5E-21E4050F2E5D}.Debug|Any CPU.Build.0 = Debug|Any CPU
		{491B8253-5DBB-4328-8A5E-21E4050F2E5D}.Release|Any CPU.ActiveCfg = Release|Any CPU
		{491B8253-5DBB-4328-8A5E-21E4050F2E5D}.Release|Any CPU.Build.0 = Release|Any CPU
		{C806FE62-90DF-4C5E-B92C-61F3791A3108}.Debug|Any CPU.ActiveCfg = Debug|Any CPU
		{C806FE62-90DF-4C5E-B92C-61F3791A3108}.Debug|Any CPU.Build.0 = Debug|Any CPU
		{C806FE62-90DF-4C5E-B92C-61F3791A3108}.Release|Any CPU.ActiveCfg = Release|Any CPU
		{C806FE62-90DF-4C5E-B92C-61F3791A3108}.Release|Any CPU.Build.0 = Release|Any CPU
		{3AC029C5-F16E-4128-8F63-7A1B691CD18D}.Debug|Any CPU.ActiveCfg = Debug|Any CPU
		{3AC029C5-F16E-4128-8F63-7A1B691CD18D}.Debug|Any CPU.Build.0 = Debug|Any CPU
		{3AC029C5-F16E-4128-8F63-7A1B691CD18D}.Release|Any CPU.ActiveCfg = Release|Any CPU
		{3AC029C5-F16E-4128-8F63-7A1B691CD18D}.Release|Any CPU.Build.0 = Release|Any CPU
		{29732D48-5493-496C-8166-A8A2DBCC6505}.Debug|Any CPU.ActiveCfg = Debug|Any CPU
		{29732D48-5493-496C-8166-A8A2DBCC6505}.Debug|Any CPU.Build.0 = Debug|Any CPU
		{29732D48-5493-496C-8166-A8A2DBCC6505}.Release|Any CPU.ActiveCfg = Release|Any CPU
		{29732D48-5493-496C-8166-A8A2DBCC6505}.Release|Any CPU.Build.0 = Release|Any CPU
	EndGlobalSection
	GlobalSection(SolutionProperties) = preSolution
		HideSolutionNode = FALSE
	EndGlobalSection
	GlobalSection(ExtensibilityGlobals) = postSolution
		SolutionGuid = {5BE7A380-A6B6-4349-92EE-C3919879E873}
	EndGlobalSection
EndGlobal
