
Microsoft Visual Studio Solution File, Format Version 12.00
# Visual Studio Version 17
VisualStudioVersion = 17.5.33516.290
MinimumVisualStudioVersion = 10.0.40219.1
Project("{FAE04EC0-301F-11D3-BF4B-00C04F79EFBC}") = "ConnectedComponents", "ConnectedComponents\ConnectedComponents.csproj", "{CA036E33-41DC-4660-A74E-1D4DB4FC9A4F}"
EndProject
Global
	GlobalSection(SolutionConfigurationPlatforms) = preSolution
		Debug|Any CPU = Debug|Any CPU
		Release|Any CPU = Release|Any CPU
	EndGlobalSection
	GlobalSection(ProjectConfigurationPlatforms) = postSolution
		{CA036E33-41DC-4660-A74E-1D4DB4FC9A4F}.Debug|Any CPU.ActiveCfg = Debug|Any CPU
		{CA036E33-41DC-4660-A74E-1D4DB4FC9A4F}.Debug|Any CPU.Build.0 = Debug|Any CPU
		{CA036E33-41DC-4660-A74E-1D4DB4FC9A4F}.Release|Any CPU.ActiveCfg = Release|Any CPU
		{CA036E33-41DC-4660-A74E-1D4DB4FC9A4F}.Release|Any CPU.Build.0 = Release|Any CPU
	EndGlobalSection
	GlobalSection(SolutionProperties) = preSolution
		HideSolutionNode = FALSE
	EndGlobalSection
	GlobalSection(ExtensibilityGlobals) = postSolution
		SolutionGuid = {5BE7A380-A6B6-4349-92EE-C3919879E873}
	EndGlobalSection
EndGlobal
